<?xml version="1.0" encoding="utf-8"?>
<Project ToolsVersion="4.0" xmlns="http://schemas.microsoft.com/developer/msbuild/2003">
  <ItemGroup>
    <Filter Include="Source Files">
      <UniqueIdentifier>{4FC737F1-C7A5-4376-A066-2A32D752A2FF}</UniqueIdentifier>
      <Extensions>cpp;c;cc;cxx;c++;cppm;ixx;def;odl;idl;hpj;bat;asm;asmx</Extensions>
    </Filter>
    <Filter Include="Header Files">
      <UniqueIdentifier>{93995380-89BD-4b04-88EB-625FBE52EBFB}</UniqueIdentifier>
      <Extensions>h;hh;hpp;hxx;h++;hm;inl;inc;ipp;xsd</Extensions>
    </Filter>
    <Filter Include="Resource Files">
      <UniqueIdentifier>{67DA6AB6-F800-4c08-8B7A-83BB121AAD01}</UniqueIdentifier>
      <Extensions>rc;ico;cur;bmp;dlg;rc2;rct;bin;rgs;gif;jpg;jpeg;jpe;resx;tiff;tif;png;wav;mfcribbon-ms</Extensions>
    </Filter>
    <Filter Include="Header Files\BackGroundObjects">
      <UniqueIdentifier>{42dc0c05-51bc-4a90-97c8-778376d08bf3}</UniqueIdentifier>
    </Filter>
    <Filter Include="Source Files\BackGroundObjects">
      <UniqueIdentifier>{70000431-756b-45ef-9717-991f31e74370}</UniqueIdentifier>
    </Filter>
    <Filter Include="Header Files\FirstSceneObject">
      <UniqueIdentifier>{95953e54-4890-46b5-9e1e-d4d9f9690870}</UniqueIdentifier>
    </Filter>
    <Filter Include="Source Files\FirstSceneObject">
      <UniqueIdentifier>{cee9dee5-6700-44d5-a24c-d71ad9a30b49}</UniqueIdentifier>
    </Filter>
    <Filter Include="Header Files\Spawners">
      <UniqueIdentifier>{ecac3b3c-66bb-4ad3-b025-8f9386f4f250}</UniqueIdentifier>
    </Filter>
    <Filter Include="Source Files\Spawners">
      <UniqueIdentifier>{35b58243-dca4-4ebe-9ac8-6225e58607f1}</UniqueIdentifier>
    </Filter>
    <Filter Include="Header Files\ColorBoxes">
      <UniqueIdentifier>{c56eacbe-7439-47b2-bcea-445c1dab59d3}</UniqueIdentifier>
    </Filter>
    <Filter Include="Source Files\ColorBoxes">
      <UniqueIdentifier>{3d50892c-57e4-44dd-958e-03a5c3a543d4}</UniqueIdentifier>
    </Filter>
  </ItemGroup>
  <ItemGroup>
    <None Include="packages.config" />
  </ItemGroup>
  <ItemGroup>
    <ClCompile Include="main.cpp">
      <Filter>Source Files</Filter>
    </ClCompile>
    <ClCompile Include="Animation.cpp">
      <Filter>Source Files</Filter>
    </ClCompile>
    <ClCompile Include="Animations.cpp">
      <Filter>Source Files</Filter>
    </ClCompile>
    <ClCompile Include="Brick.cpp">
      <Filter>Source Files</Filter>
    </ClCompile>
    <ClCompile Include="Coin.cpp">
      <Filter>Source Files</Filter>
    </ClCompile>
    <ClCompile Include="Collision.cpp">
      <Filter>Source Files</Filter>
    </ClCompile>
    <ClCompile Include="debug.cpp">
      <Filter>Source Files</Filter>
    </ClCompile>
    <ClCompile Include="Game.cpp">
      <Filter>Source Files</Filter>
    </ClCompile>
    <ClCompile Include="GameObject.cpp">
      <Filter>Source Files</Filter>
    </ClCompile>
    <ClCompile Include="Goomba.cpp">
      <Filter>Source Files</Filter>
    </ClCompile>
    <ClCompile Include="Mario.cpp">
      <Filter>Source Files</Filter>
    </ClCompile>
    <ClCompile Include="Platform.cpp">
      <Filter>Source Files</Filter>
    </ClCompile>
    <ClCompile Include="SampleKeyEventHandler.cpp">
      <Filter>Source Files</Filter>
    </ClCompile>
    <ClCompile Include="Sprite.cpp">
      <Filter>Source Files</Filter>
    </ClCompile>
    <ClCompile Include="Sprites.cpp">
      <Filter>Source Files</Filter>
    </ClCompile>
    <ClCompile Include="Textures.cpp">
      <Filter>Source Files</Filter>
    </ClCompile>
    <ClCompile Include="PlayScene.cpp">
      <Filter>Source Files</Filter>
    </ClCompile>
    <ClCompile Include="Utils.cpp">
      <Filter>Source Files</Filter>
    </ClCompile>
    <ClCompile Include="Portal.cpp">
      <Filter>Source Files</Filter>
    </ClCompile>
    <ClCompile Include="MysteryBox.cpp">
      <Filter>Source Files</Filter>
    </ClCompile>
    <ClCompile Include="Ground.cpp">
      <Filter>Source Files</Filter>
    </ClCompile>
    <ClCompile Include="WarpPipe.cpp">
      <Filter>Source Files</Filter>
    </ClCompile>
    <ClCompile Include="Tree.cpp">
      <Filter>Source Files\BackGroundObjects</Filter>
    </ClCompile>
    <ClCompile Include="Bush.cpp">
      <Filter>Source Files\BackGroundObjects</Filter>
    </ClCompile>
    <ClCompile Include="Cloud.cpp">
      <Filter>Source Files\BackGroundObjects</Filter>
    </ClCompile>
    <ClCompile Include="ColorBox.cpp">
      <Filter>Source Files\ColorBoxes</Filter>
    </ClCompile>
    <ClCompile Include="Wood.cpp">
      <Filter>Source Files</Filter>
    </ClCompile>
    <ClCompile Include="PipeBelow.cpp">
      <Filter>Source Files</Filter>
    </ClCompile>
    <ClCompile Include="PipeAbove.cpp">
      <Filter>Source Files</Filter>
    </ClCompile>
    <ClCompile Include="BlackBackground.cpp">
      <Filter>Source Files\BackGroundObjects</Filter>
    </ClCompile>
    <ClCompile Include="Prize.cpp">
      <Filter>Source Files</Filter>
    </ClCompile>
    <ClCompile Include="CoinFromBox.cpp">
      <Filter>Source Files</Filter>
    </ClCompile>
    <ClCompile Include="MushRoom.cpp">
      <Filter>Source Files</Filter>
    </ClCompile>
    <ClCompile Include="Koopas.cpp">
      <Filter>Source Files</Filter>
    </ClCompile>
    <ClCompile Include="WingGoomba.cpp">
      <Filter>Source Files</Filter>
    </ClCompile>
    <ClCompile Include="WingKoopas.cpp">
      <Filter>Source Files</Filter>
    </ClCompile>
    <ClCompile Include="PakkunFlower1.cpp">
      <Filter>Source Files</Filter>
    </ClCompile>
    <ClCompile Include="PakkunFlower2.cpp">
      <Filter>Source Files</Filter>
    </ClCompile>
    <ClCompile Include="PakkunFlower3.cpp">
      <Filter>Source Files</Filter>
    </ClCompile>
    <ClCompile Include="Curtain.cpp">
      <Filter>Source Files\FirstSceneObject</Filter>
    </ClCompile>
    <ClCompile Include="Title.cpp">
      <Filter>Source Files\FirstSceneObject</Filter>
    </ClCompile>
    <ClCompile Include="fireball.cpp">
      <Filter>Source Files</Filter>
    </ClCompile>
    <ClCompile Include="Spawner.cpp">
      <Filter>Source Files\Spawners</Filter>
    </ClCompile>
    <ClCompile Include="TitleNumber.cpp">
      <Filter>Source Files\FirstSceneObject</Filter>
    </ClCompile>
    <ClCompile Include="Floor.cpp">
      <Filter>Source Files\FirstSceneObject</Filter>
    </ClCompile>
    <ClCompile Include="Background.cpp">
      <Filter>Source Files\FirstSceneObject</Filter>
    </ClCompile>
    <ClCompile Include="BackgroundItems.cpp">
      <Filter>Source Files\FirstSceneObject</Filter>
    </ClCompile>
  </ItemGroup>
  <ItemGroup>
    <ClInclude Include="Animation.h">
      <Filter>Header Files</Filter>
    </ClInclude>
    <ClInclude Include="AnimationFrame.h">
      <Filter>Header Files</Filter>
    </ClInclude>
    <ClInclude Include="Animations.h">
      <Filter>Header Files</Filter>
    </ClInclude>
    <ClInclude Include="AssetIDs.h">
      <Filter>Header Files</Filter>
    </ClInclude>
    <ClInclude Include="Brick.h">
      <Filter>Header Files</Filter>
    </ClInclude>
    <ClInclude Include="Coin.h">
      <Filter>Header Files</Filter>
    </ClInclude>
    <ClInclude Include="Collision.h">
      <Filter>Header Files</Filter>
    </ClInclude>
    <ClInclude Include="debug.h">
      <Filter>Header Files</Filter>
    </ClInclude>
    <ClInclude Include="Game.h">
      <Filter>Header Files</Filter>
    </ClInclude>
    <ClInclude Include="GameObject.h">
      <Filter>Header Files</Filter>
    </ClInclude>
    <ClInclude Include="Goomba.h">
      <Filter>Header Files</Filter>
    </ClInclude>
    <ClInclude Include="KeyEventHandler.h">
      <Filter>Header Files</Filter>
    </ClInclude>
    <ClInclude Include="Mario.h">
      <Filter>Header Files</Filter>
    </ClInclude>
    <ClInclude Include="Platform.h">
      <Filter>Header Files</Filter>
    </ClInclude>
    <ClInclude Include="SampleKeyEventHandler.h">
      <Filter>Header Files</Filter>
    </ClInclude>
    <ClInclude Include="Sprite.h">
      <Filter>Header Files</Filter>
    </ClInclude>
    <ClInclude Include="Sprites.h">
      <Filter>Header Files</Filter>
    </ClInclude>
    <ClInclude Include="Texture.h">
      <Filter>Header Files</Filter>
    </ClInclude>
    <ClInclude Include="Textures.h">
      <Filter>Header Files</Filter>
    </ClInclude>
    <ClInclude Include="Scene.h">
      <Filter>Header Files</Filter>
    </ClInclude>
    <ClInclude Include="PlayScene.h">
      <Filter>Header Files</Filter>
    </ClInclude>
    <ClInclude Include="Utils.h">
      <Filter>Header Files</Filter>
    </ClInclude>
    <ClInclude Include="Portal.h">
      <Filter>Header Files</Filter>
    </ClInclude>
    <ClInclude Include="MysteryBox.h">
      <Filter>Header Files</Filter>
    </ClInclude>
    <ClInclude Include="Ground.h">
      <Filter>Header Files</Filter>
    </ClInclude>
    <ClInclude Include="WarpPipe.h">
      <Filter>Header Files</Filter>
    </ClInclude>
    <ClInclude Include="Bush.h">
      <Filter>Header Files\BackGroundObjects</Filter>
    </ClInclude>
    <ClInclude Include="Tree.h">
      <Filter>Header Files\BackGroundObjects</Filter>
    </ClInclude>
    <ClInclude Include="Cloud.h">
      <Filter>Header Files\BackGroundObjects</Filter>
    </ClInclude>
    <ClInclude Include="ColorBox.h">
      <Filter>Header Files\ColorBoxes</Filter>
    </ClInclude>
    <ClInclude Include="Wood.h">
      <Filter>Header Files</Filter>
    </ClInclude>
    <ClInclude Include="PipeBelow.h">
      <Filter>Header Files</Filter>
    </ClInclude>
    <ClInclude Include="PipeAbove.h">
      <Filter>Header Files</Filter>
    </ClInclude>
    <ClInclude Include="BlackBackground.h">
      <Filter>Header Files\BackGroundObjects</Filter>
    </ClInclude>
    <ClInclude Include="Prize.h">
      <Filter>Header Files</Filter>
    </ClInclude>
    <ClInclude Include="CoinFromBox.h">
      <Filter>Header Files</Filter>
    </ClInclude>
    <ClInclude Include="MushRoom.h">
      <Filter>Header Files</Filter>
    </ClInclude>
    <ClInclude Include="Koopas.h">
      <Filter>Header Files</Filter>
    </ClInclude>
    <ClInclude Include="WingGoomba.h">
      <Filter>Header Files</Filter>
    </ClInclude>
    <ClInclude Include="WingKoopas.h">
      <Filter>Header Files</Filter>
    </ClInclude>
    <ClInclude Include="PakkunFlower1.h">
      <Filter>Header Files</Filter>
    </ClInclude>
    <ClInclude Include="PakkunFlower2.h">
      <Filter>Header Files</Filter>
    </ClInclude>
    <ClInclude Include="PakkunFlower3.h">
      <Filter>Header Files</Filter>
    </ClInclude>
    <ClInclude Include="Curtain.h">
      <Filter>Header Files\FirstSceneObject</Filter>
    </ClInclude>
    <ClInclude Include="Title.h">
      <Filter>Header Files\FirstSceneObject</Filter>
    </ClInclude>
    <ClInclude Include="fireball.h">
      <Filter>Header Files</Filter>
    </ClInclude>
    <ClInclude Include="Spawner.h">
      <Filter>Header Files\Spawners</Filter>
    </ClInclude>
    <ClInclude Include="Spawner1.h">
      <Filter>Header Files\Spawners</Filter>
    </ClInclude>
    <ClInclude Include="Spawner2.h">
      <Filter>Header Files\Spawners</Filter>
    </ClInclude>
    <ClInclude Include="Spawner3.h">
      <Filter>Header Files\Spawners</Filter>
    </ClInclude>
    <ClInclude Include="Spawner4.h">
      <Filter>Header Files\Spawners</Filter>
    </ClInclude>
    <ClInclude Include="Floor.h">
      <Filter>Header Files\FirstSceneObject</Filter>
    </ClInclude>
    <ClInclude Include="TitleNumber.h">
      <Filter>Header Files\FirstSceneObject</Filter>
    </ClInclude>
    <ClInclude Include="Background.h">
      <Filter>Header Files\FirstSceneObject</Filter>
    </ClInclude>
    <ClInclude Include="BackgroundItems.h">
      <Filter>Header Files\FirstSceneObject</Filter>
    </ClInclude>
    <ClInclude Include="GreenKoopas.h">
      <Filter>Header Files</Filter>
    </ClInclude>
    <ClInclude Include="ColorBoxesID.h">
      <Filter>Header Files\ColorBoxes</Filter>
    </ClInclude>
  </ItemGroup>
</Project>